
Microsoft Visual Studio Solution File, Format Version 12.00
# Visual Studio Version 17
VisualStudioVersion = 17.0.31903.59
MinimumVisualStudioVersion = 10.0.40219.1
Project("{FAE04EC0-301F-11D3-BF4B-00C04F79EFBC}") = "StockTaking.Entities", "StockTaking.Entities\StockTaking.Entities.csproj", "{0F1E224E-DB00-4AD6-A6A1-27C272807823}"
EndProject
Project("{FAE04EC0-301F-11D3-BF4B-00C04F79EFBC}") = "StockTaking.Persistence", "StockTaking.Persistence\StockTaking.Persistence.csproj", "{F5D3CB7E-CA45-4CAD-87C4-35243B07D1F7}"
EndProject
Project("{FAE04EC0-301F-11D3-BF4B-00C04F79EFBC}") = "StockTaking.WebApi", "StockTaking.WebApi\StockTaking.WebApi.csproj", "{DAD96EDF-320B-4E19-8539-033194AB7205}"
EndProject
Project("{FAE04EC0-301F-11D3-BF4B-00C04F79EFBC}") = "StockTaking.DTOs", "StockTaking.DTOs\StockTaking.DTOs.csproj", "{DF012D83-9C66-4459-AD92-EF4E44593BEE}"
EndProject
Global
	GlobalSection(SolutionConfigurationPlatforms) = preSolution
		Debug|Any CPU = Debug|Any CPU
		Release|Any CPU = Release|Any CPU
	EndGlobalSection
	GlobalSection(SolutionProperties) = preSolution
		HideSolutionNode = FALSE
	EndGlobalSection
	GlobalSection(ProjectConfigurationPlatforms) = postSolution
		{0F1E224E-DB00-4AD6-A6A1-27C272807823}.Debug|Any CPU.ActiveCfg = Debug|Any CPU
		{0F1E224E-DB00-4AD6-A6A1-27C272807823}.Debug|Any CPU.Build.0 = Debug|Any CPU
		{0F1E224E-DB00-4AD6-A6A1-27C272807823}.Release|Any CPU.ActiveCfg = Release|Any CPU
		{0F1E224E-DB00-4AD6-A6A1-27C272807823}.Release|Any CPU.Build.0 = Release|Any CPU
		{F5D3CB7E-CA45-4CAD-87C4-35243B07D1F7}.Debug|Any CPU.ActiveCfg = Debug|Any CPU
		{F5D3CB7E-CA45-4CAD-87C4-35243B07D1F7}.Debug|Any CPU.Build.0 = Debug|Any CPU
		{F5D3CB7E-CA45-4CAD-87C4-35243B07D1F7}.Release|Any CPU.ActiveCfg = Release|Any CPU
		{F5D3CB7E-CA45-4CAD-87C4-35243B07D1F7}.Release|Any CPU.Build.0 = Release|Any CPU
		{DAD96EDF-320B-4E19-8539-033194AB7205}.Debug|Any CPU.ActiveCfg = Debug|Any CPU
		{DAD96EDF-320B-4E19-8539-033194AB7205}.Debug|Any CPU.Build.0 = Debug|Any CPU
		{DAD96EDF-320B-4E19-8539-033194AB7205}.Release|Any CPU.ActiveCfg = Release|Any CPU
		{DAD96EDF-320B-4E19-8539-033194AB7205}.Release|Any CPU.Build.0 = Release|Any CPU
		{DF012D83-9C66-4459-AD92-EF4E44593BEE}.Debug|Any CPU.ActiveCfg = Debug|Any CPU
		{DF012D83-9C66-4459-AD92-EF4E44593BEE}.Debug|Any CPU.Build.0 = Debug|Any CPU
		{DF012D83-9C66-4459-AD92-EF4E44593BEE}.Release|Any CPU.ActiveCfg = Release|Any CPU
		{DF012D83-9C66-4459-AD92-EF4E44593BEE}.Release|Any CPU.Build.0 = Release|Any CPU
	EndGlobalSection
EndGlobal
